
Microsoft Visual Studio Solution File, Format Version 12.00
# Visual Studio 15
VisualStudioVersion = 15.0.28307.136
MinimumVisualStudioVersion = 10.0.40219.1
Project("{FAE04EC0-301F-11D3-BF4B-00C04F79EFBC}") = "ATM", "ATM\ATM.csproj", "{2C2C4994-C2A6-4384-9D1D-9EB6EED5335C}"
EndProject
Global
	GlobalSection(SolutionConfigurationPlatforms) = preSolution
		Debug|Any CPU = Debug|Any CPU
		Release|Any CPU = Release|Any CPU
	EndGlobalSection
	GlobalSection(ProjectConfigurationPlatforms) = postSolution
		{2C2C4994-C2A6-4384-9D1D-9EB6EED5335C}.Debug|Any CPU.ActiveCfg = Debug|Any CPU
		{2C2C4994-C2A6-4384-9D1D-9EB6EED5335C}.Debug|Any CPU.Build.0 = Debug|Any CPU
		{2C2C4994-C2A6-4384-9D1D-9EB6EED5335C}.Release|Any CPU.ActiveCfg = Release|Any CPU
		{2C2C4994-C2A6-4384-9D1D-9EB6EED5335C}.Release|Any CPU.Build.0 = Release|Any CPU
	EndGlobalSection
	GlobalSection(SolutionProperties) = preSolution
		HideSolutionNode = FALSE
	EndGlobalSection
	GlobalSection(ExtensibilityGlobals) = postSolution
		SolutionGuid = {37E23176-E4D9-4E7E-ABE8-16DC024AF63A}
	EndGlobalSection
EndGlobal
